{
  "version": "3",
  "packages": {
    "specifiers": {
      "npm:@actions/core@1.10.1": "npm:@actions/core@1.10.1",
      "npm:@actions/core@^1.10.1": "npm:@actions/core@1.10.1",
      "npm:@types/node": "npm:@types/node@18.16.19",
      "npm:@types/node@^20.11.10": "npm:@types/node@20.11.16",
      "npm:typescript@^5.3.3": "npm:typescript@5.3.3"
    },
    "npm": {
      "@actions/core@1.10.1": {
        "integrity": "sha512-3lBR9EDAY+iYIpTnTIXmWcNbX3T2kCkAEQGIQx4NVQ0575nk2k3GRZDTPQG+vVtS2izSLmINlxXf0uLtnrTP+g==",
        "dependencies": {
          "@actions/http-client": "@actions/http-client@2.2.0",
          "uuid": "uuid@8.3.2"
        }
      },
      "@actions/http-client@2.2.0": {
        "integrity": "sha512-q+epW0trjVUUHboliPb4UF9g2msf+w61b32tAkFEwL/IwP0DQWgbCMM0Hbe3e3WXSKz5VcUXbzJQgy8Hkra/Lg==",
        "dependencies": {
          "tunnel": "tunnel@0.0.6",
          "undici": "undici@5.28.3"
        }
      },
      "@fastify/busboy@2.1.0": {
        "integrity": "sha512-+KpH+QxZU7O4675t3mnkQKcZZg56u+K/Ct2K+N2AZYNVK8kyeo/bI18tI8aPm3tvNNRyTWfj6s5tnGNlcbQRsA==",
        "dependencies": {}
      },
      "@types/node@18.16.19": {
        "integrity": "sha512-IXl7o+R9iti9eBW4Wg2hx1xQDig183jj7YLn8F7udNceyfkbn1ZxmzZXuak20gR40D7pIkIY1kYGx5VIGbaHKA==",
        "dependencies": {}
      },
      "@types/node@20.11.16": {
        "integrity": "sha512-gKb0enTmRCzXSSUJDq6/sPcqrfCv2mkkG6Jt/clpn5eiCbKTY+SgZUxo+p8ZKMof5dCp9vHQUAB7wOUTod22wQ==",
        "dependencies": {
          "undici-types": "undici-types@5.26.5"
        }
      },
      "tunnel@0.0.6": {
        "integrity": "sha512-1h/Lnq9yajKY2PEbBadPXj3VxsDDu844OnaAo52UVmIzIvwwtBPIuNvkjuzBlTWpfJyUbG3ez0KSBibQkj4ojg==",
        "dependencies": {}
      },
      "typescript@5.3.3": {
        "integrity": "sha512-pXWcraxM0uxAS+tN0AG/BF2TyqmHO014Z070UsJ+pFvYuRSq8KH8DmWpnbXe0pEPDHXZV3FcAbJkijJ5oNEnWw==",
        "dependencies": {}
      },
      "undici-types@5.26.5": {
        "integrity": "sha512-JlCMO+ehdEIKqlFxk6IfVoAUVmgz7cU7zD/h9XZ0qzeosSHmUJVOzSQvvYSYWXkFXC+IfLKSIffhv0sVZup6pA==",
        "dependencies": {}
      },
      "undici@5.28.3": {
        "integrity": "sha512-3ItfzbrhDlINjaP0duwnNsKpDQk3acHI3gVJ1z4fmwMK31k5G9OVIAMLSIaP6w4FaGkaAkN6zaQO9LUvZ1t7VA==",
        "dependencies": {
          "@fastify/busboy": "@fastify/busboy@2.1.0"
        }
      },
      "uuid@8.3.2": {
        "integrity": "sha512-+NYs2QeMWy+GWFOEm9xnn6HCDp0l7QBD7ml8zLUmJ+93Q5NF0NocErnwkTkXVFNiX3/fpC6afS8Dhb/gz7R7eg==",
        "dependencies": {}
      }
    }
  },
  "remote": {
    "https://deno.land/std@0.211.0/assert/assert.ts": "bec068b2fccdd434c138a555b19a2c2393b71dfaada02b7d568a01541e67cdc5",
    "https://deno.land/std@0.211.0/assert/assertion_error.ts": "9f689a101ee586c4ce92f52fa7ddd362e86434ffdf1f848e45987dc7689976b8",
    "https://deno.land/std@0.211.0/cli/parse_args.ts": "91dfad92c32c4c7f50bc5f476030cc84d0b8ad69f66cde219ddfd49516cbbdcf",
    "https://deno.land/std@0.211.0/fmt/colors.ts": "be082d6a6bbb2980ae7b2bf8c23c6bb2811ba90a06a9bcb861344a71784c5a99",
    "https://deno.land/x/denoflate@1.2.1/mod.ts": "f5628e44b80b3d80ed525afa2ba0f12408e3849db817d47a883b801f9ce69dd6",
    "https://deno.land/x/denoflate@1.2.1/pkg/denoflate.js": "b9f9ad9457d3f12f28b1fb35c555f57443427f74decb403113d67364e4f2caf4",
    "https://deno.land/x/denoflate@1.2.1/pkg/denoflate_bg.wasm.js": "d581956245407a2115a3d7e8d85a9641c032940a8e810acbd59ca86afd34d44d",
    "https://deno.land/x/esbuild@v0.19.12/mod.js": "fc8d97babee1f469d8ad409e62e0cf13bf72eca02b4f157b86238fda78f1e65e"
  }
}
